<?xml version="1.0" encoding="UTF-8"?>
<Scheme
   LastUpgradeVersion = "0630"
   version = "2.0">
   <BuildAction
      parallelizeBuildables = "YES"
      buildImplicitDependencies = "YES">
      <BuildActionEntries>
         <BuildActionEntry
            buildForTesting = "YES"
            buildForRunning = "YES"
            buildForProfiling = "YES"
            buildForArchiving = "YES"
            buildForAnalyzing = "YES">
            <BuildableReference
               BuildableIdentifier = "primary"
               BlueprintIdentifier = "8F17B8051ADB0F8100DA9AB8"
               BuildableName = "FirstWatchApp WatchKit App.app"
               BlueprintName = "FirstWatchApp WatchKit App"
               ReferencedContainer = "container:FirstWatchApp.xcodeproj">
            </BuildableReference>
         </BuildActionEntry>
         <BuildActionEntry
            buildForTesting = "YES"
            buildForRunning = "YES"
            buildForProfiling = "YES"
            buildForArchiving = "YES"
            buildForAnalyzing = "YES">
            <BuildableReference
               BuildableIdentifier = "primary"
               BlueprintIdentifier = "8F17B7F61ADB0F8100DA9AB8"
               BuildableName = "FirstWatchApp WatchKit Extension.appex"
               BlueprintName = "FirstWatchApp WatchKit Extension"
               ReferencedContainer = "container:FirstWatchApp.xcodeproj">
            </BuildableReference>
         </BuildActionEntry>
         <BuildActionEntry
            buildForTesting = "YES"
            buildForRunning = "YES"
            buildForProfiling = "YES"
            buildForArchiving = "YES"
            buildForAnalyzing = "YES">
            <BuildableReference
               BuildableIdentifier = "primary"
               BlueprintIdentifier = "8F17B7C91ADB0F6F00DA9AB8"
               BuildableName = "FirstWatchApp.app"
               BlueprintName = "FirstWatchApp"
               ReferencedContainer = "container:FirstWatchApp.xcodeproj">
            </BuildableReference>
         </BuildActionEntry>
      </BuildActionEntries>
   </BuildAction>
   <TestAction
      selectedDebuggerIdentifier = "Xcode.DebuggerFoundation.Debugger.LLDB"
      selectedLauncherIdentifier = "Xcode.DebuggerFoundation.Launcher.LLDB"
      shouldUseLaunchSchemeArgsEnv = "YES"
      buildConfiguration = "Debug">
      <Testables>
      </Testables>
      <MacroExpansion>
         <BuildableReference
            BuildableIdentifier = "primary"
            BlueprintIdentifier = "8F17B8051ADB0F8100DA9AB8"
            BuildableName = "FirstWatchApp WatchKit App.app"
            BlueprintName = "FirstWatchApp WatchKit App"
            ReferencedContainer = "container:FirstWatchApp.xcodeproj">
         </BuildableReference>
      </MacroExpansion>
   </TestAction>
   <LaunchAction
      selectedDebuggerIdentifier = "Xcode.DebuggerFoundation.Debugger.LLDB"
      selectedLauncherIdentifier = "Xcode.DebuggerFoundation.Launcher.LLDB"
      launchStyle = "0"
      useCustomWorkingDirectory = "NO"
      buildConfiguration = "Debug"
      ignoresPersistentStateOnLaunch = "NO"
      debugDocumentVersioning = "YES"
      allowLocationSimulation = "YES"
      launchAutomaticallySubstyle = "8"
      notificationPayloadFile = "FirstWatchApp WatchKit Extension/PushNotificationPayload.apns">
      <RemoteRunnable
         runnableDebuggingMode = "2"
         BundleIdentifier = "com.apple.springboard"
         RemotePath = "/FirstWatchApp">
         <BuildableReference
            BuildableIdentifier = "primary"
            BlueprintIdentifier = "8F17B8051ADB0F8100DA9AB8"
            BuildableName = "FirstWatchApp WatchKit App.app"
            BlueprintName = "FirstWatchApp WatchKit App"
            ReferencedContainer = "container:FirstWatchApp.xcodeproj">
         </BuildableReference>
      </RemoteRunnable>
      <MacroExpansion>
         <BuildableReference
            BuildableIdentifier = "primary"
            BlueprintIdentifier = "8F17B8051ADB0F8100DA9AB8"
            BuildableName = "FirstWatchApp WatchKit App.app"
            BlueprintName = "FirstWatchApp WatchKit App"
            ReferencedContainer = "container:FirstWatchApp.xcodeproj">
         </BuildableReference>
      </MacroExpansion>
      <AdditionalOptions>
      </AdditionalOptions>
   </LaunchAction>
   <ProfileAction
      shouldUseLaunchSchemeArgsEnv = "YES"
      savedToolIdentifier = ""
      useCustomWorkingDirectory = "NO"
      buildConfiguration = "Release"
      debugDocumentVersioning = "YES"
      launchAutomaticallySubstyle = "8"
      notificationPayloadFile = "FirstWatchApp WatchKit Extension/PushNotificationPayload.apns">
      <RemoteRunnable
         runnableDebuggingMode = "2"
         BundleIdentifier = "com.apple.springboard"
         RemotePath = "/FirstWatchApp">
         <BuildableReference
            BuildableIdentifier = "primary"
            BlueprintIdentifier = "8F17B8051ADB0F8100DA9AB8"
            BuildableName = "FirstWatchApp WatchKit App.app"
            BlueprintName = "FirstWatchApp WatchKit App"
            ReferencedContainer = "container:FirstWatchApp.xcodeproj">
         </BuildableReference>
      </RemoteRunnable>
      <MacroExpansion>
         <BuildableReference
            BuildableIdentifier = "primary"
            BlueprintIdentifier = "8F17B8051ADB0F8100DA9AB8"
            BuildableName = "FirstWatchApp WatchKit App.app"
            BlueprintName = "FirstWatchApp WatchKit App"
            ReferencedContainer = "container:FirstWatchApp.xcodeproj">
         </BuildableReference>
      </MacroExpansion>
   </ProfileAction>
   <AnalyzeAction
      buildConfiguration = "Debug">
   </AnalyzeAction>
   <ArchiveAction
      buildConfiguration = "Release"
      revealArchiveInOrganizer = "YES">
   </ArchiveAction>
</Scheme>
